
Microsoft Visual Studio Solution File, Format Version 12.00
# Visual Studio Version 17
VisualStudioVersion = 17.5.002.0
MinimumVisualStudioVersion = 10.0.40219.1
Project("{9A19103F-16F7-4668-BE54-9A1E7A4F7556}") = "TrilhaApiDesafio", "TrilhaApiDesafio.csproj", "{B416D59A-461C-49D8-9E4E-F6AAB293E46C}"
EndProject
Global
	GlobalSection(SolutionConfigurationPlatforms) = preSolution
		Debug|Any CPU = Debug|Any CPU
		Release|Any CPU = Release|Any CPU
	EndGlobalSection
	GlobalSection(ProjectConfigurationPlatforms) = postSolution
		{B416D59A-461C-49D8-9E4E-F6AAB293E46C}.Debug|Any CPU.ActiveCfg = Debug|Any CPU
		{B416D59A-461C-49D8-9E4E-F6AAB293E46C}.Debug|Any CPU.Build.0 = Debug|Any CPU
		{B416D59A-461C-49D8-9E4E-F6AAB293E46C}.Release|Any CPU.ActiveCfg = Release|Any CPU
		{B416D59A-461C-49D8-9E4E-F6AAB293E46C}.Release|Any CPU.Build.0 = Release|Any CPU
	EndGlobalSection
	GlobalSection(SolutionProperties) = preSolution
		HideSolutionNode = FALSE
	EndGlobalSection
	GlobalSection(ExtensibilityGlobals) = postSolution
		SolutionGuid = {02C89C3A-1C99-4FA8-BE1C-BB0F29E02897}
	EndGlobalSection
EndGlobal
